
Microsoft Visual Studio Solution File, Format Version 12.00
# Visual Studio Version 17
VisualStudioVersion = 17.2.32526.322
MinimumVisualStudioVersion = 10.0.40219.1
Project("{FAE04EC0-301F-11D3-BF4B-00C04F79EFBC}") = "Entities", "Entities\Entities.csproj", "{A2277755-00A3-49F5-9F56-FEB82C57BF53}"
EndProject
Project("{FAE04EC0-301F-11D3-BF4B-00C04F79EFBC}") = "DataAccess", "DataAccess\DataAccess.csproj", "{C58A194E-DD76-4AB0-8D99-14E8B0CAD856}"
EndProject
Project("{FAE04EC0-301F-11D3-BF4B-00C04F79EFBC}") = "Business", "Business\Business.csproj", "{FE5AF978-C57C-4A54-89F4-560524FA3131}"
EndProject
Project("{FAE04EC0-301F-11D3-BF4B-00C04F79EFBC}") = "ConsoleUI", "ConsoleUI\ConsoleUI.csproj", "{2134E4D1-4F01-4290-B7D2-7B1435ED1273}"
EndProject
Global
	GlobalSection(SolutionConfigurationPlatforms) = preSolution
		Debug|Any CPU = Debug|Any CPU
		Release|Any CPU = Release|Any CPU
	EndGlobalSection
	GlobalSection(ProjectConfigurationPlatforms) = postSolution
		{A2277755-00A3-49F5-9F56-FEB82C57BF53}.Debug|Any CPU.ActiveCfg = Debug|Any CPU
		{A2277755-00A3-49F5-9F56-FEB82C57BF53}.Debug|Any CPU.Build.0 = Debug|Any CPU
		{A2277755-00A3-49F5-9F56-FEB82C57BF53}.Release|Any CPU.ActiveCfg = Release|Any CPU
		{A2277755-00A3-49F5-9F56-FEB82C57BF53}.Release|Any CPU.Build.0 = Release|Any CPU
		{C58A194E-DD76-4AB0-8D99-14E8B0CAD856}.Debug|Any CPU.ActiveCfg = Debug|Any CPU
		{C58A194E-DD76-4AB0-8D99-14E8B0CAD856}.Debug|Any CPU.Build.0 = Debug|Any CPU
		{C58A194E-DD76-4AB0-8D99-14E8B0CAD856}.Release|Any CPU.ActiveCfg = Release|Any CPU
		{C58A194E-DD76-4AB0-8D99-14E8B0CAD856}.Release|Any CPU.Build.0 = Release|Any CPU
		{FE5AF978-C57C-4A54-89F4-560524FA3131}.Debug|Any CPU.ActiveCfg = Debug|Any CPU
		{FE5AF978-C57C-4A54-89F4-560524FA3131}.Debug|Any CPU.Build.0 = Debug|Any CPU
		{FE5AF978-C57C-4A54-89F4-560524FA3131}.Release|Any CPU.ActiveCfg = Release|Any CPU
		{FE5AF978-C57C-4A54-89F4-560524FA3131}.Release|Any CPU.Build.0 = Release|Any CPU
		{2134E4D1-4F01-4290-B7D2-7B1435ED1273}.Debug|Any CPU.ActiveCfg = Debug|Any CPU
		{2134E4D1-4F01-4290-B7D2-7B1435ED1273}.Debug|Any CPU.Build.0 = Debug|Any CPU
		{2134E4D1-4F01-4290-B7D2-7B1435ED1273}.Release|Any CPU.ActiveCfg = Release|Any CPU
		{2134E4D1-4F01-4290-B7D2-7B1435ED1273}.Release|Any CPU.Build.0 = Release|Any CPU
	EndGlobalSection
	GlobalSection(SolutionProperties) = preSolution
		HideSolutionNode = FALSE
	EndGlobalSection
	GlobalSection(ExtensibilityGlobals) = postSolution
		SolutionGuid = {5EF7C01F-C0DD-4316-A8EA-17B92A5D99A1}
	EndGlobalSection
EndGlobal
